// !$*UTF8*$!
{
	archiveVersion = 1;
	classes = {
	};
	objectVersion = 46;
	objects = {

/* Begin PBXBuildFile section */
		3D0D990818D4E10A00769C07 /* libsqlite3.0.dylib in Frameworks */ = {isa = PBXBuildFile; fileRef = 3D0D990618D4E10A00769C07 /* libsqlite3.0.dylib */; };
		3D0D990918D4E10A00769C07 /* libsqlite3.dylib in Frameworks */ = {isa = PBXBuildFile; fileRef = 3D0D990718D4E10A00769C07 /* libsqlite3.dylib */; };
		3D11DC1818DDF4AA00F4F062 /* UMPCsntImage.m in Sources */ = {isa = PBXBuildFile; fileRef = 3D11DC1718DDF4AA00F4F062 /* UMPCsntImage.m */; };
		3D11DC1C18DE074900F4F062 /* cat.jpg in Resources */ = {isa = PBXBuildFile; fileRef = 3D11DC1B18DE074900F4F062 /* cat.jpg */; };
		3D2EFA5A18DD49A300F0FB43 /* UMPLibImage.m in Sources */ = {isa = PBXBuildFile; fileRef = 3D2EFA5918DD49A300F0FB43 /* UMPLibImage.m */; };
		3D4EE0A818D6B57B00F14269 /* UMPLibDateTime.m in Sources */ = {isa = PBXBuildFile; fileRef = 3D4EE0A718D6B57B00F14269 /* UMPLibDateTime.m */; };
		3D5283CC18D8D5D100AAFA1F /* UMPCsntNetwork.m in Sources */ = {isa = PBXBuildFile; fileRef = 3D5283CB18D8D5D100AAFA1F /* UMPCsntNetwork.m */; };
		3D5283D118D8D6E800AAFA1F /* UMPCsntLocalDB.m in Sources */ = {isa = PBXBuildFile; fileRef = 3D5283D018D8D6E800AAFA1F /* UMPCsntLocalDB.m */; };
		3D5283D518D8D79700AAFA1F /* UMPCsntDateTime.m in Sources */ = {isa = PBXBuildFile; fileRef = 3D5283D418D8D79700AAFA1F /* UMPCsntDateTime.m */; };
		3D5283D918D8D82C00AAFA1F /* UMPCsntColor.m in Sources */ = {isa = PBXBuildFile; fileRef = 3D5283D818D8D82C00AAFA1F /* UMPCsntColor.m */; };
		3D5283DC18D8D8D900AAFA1F /* UMPCsntManager.m in Sources */ = {isa = PBXBuildFile; fileRef = 3D5283DB18D8D8D900AAFA1F /* UMPCsntManager.m */; };
		3D5283E418D8DB9700AAFA1F /* UMPBhvManager.m in Sources */ = {isa = PBXBuildFile; fileRef = 3D5283E318D8DB9700AAFA1F /* UMPBhvManager.m */; };
		3D5283EB18D8E0AB00AAFA1F /* UMPCsntSegue.m in Sources */ = {isa = PBXBuildFile; fileRef = 3D5283EA18D8E0AB00AAFA1F /* UMPCsntSegue.m */; };
		3D5922CF18DCC261004BF35D /* UMPBhvSignout.m in Sources */ = {isa = PBXBuildFile; fileRef = 3D5922CE18DCC261004BF35D /* UMPBhvSignout.m */; };
		3D5922D318DCD44F004BF35D /* UMPBhvAutoLogin.m in Sources */ = {isa = PBXBuildFile; fileRef = 3D5922D218DCD44F004BF35D /* UMPBhvAutoLogin.m */; };
		3D7CA30918D4BA8500B45472 /* Foundation.framework in Frameworks */ = {isa = PBXBuildFile; fileRef = 3D7CA30818D4BA8500B45472 /* Foundation.framework */; };
		3D7CA30B18D4BA8500B45472 /* CoreGraphics.framework in Frameworks */ = {isa = PBXBuildFile; fileRef = 3D7CA30A18D4BA8500B45472 /* CoreGraphics.framework */; };
		3D7CA30D18D4BA8500B45472 /* UIKit.framework in Frameworks */ = {isa = PBXBuildFile; fileRef = 3D7CA30C18D4BA8500B45472 /* UIKit.framework */; };
		3D7CA31318D4BA8500B45472 /* InfoPlist.strings in Resources */ = {isa = PBXBuildFile; fileRef = 3D7CA31118D4BA8500B45472 /* InfoPlist.strings */; };
		3D7CA31518D4BA8500B45472 /* main.m in Sources */ = {isa = PBXBuildFile; fileRef = 3D7CA31418D4BA8500B45472 /* main.m */; };
		3D7CA31918D4BA8500B45472 /* UMPAppDelegate.m in Sources */ = {isa = PBXBuildFile; fileRef = 3D7CA31818D4BA8500B45472 /* UMPAppDelegate.m */; };
		3D7CA31C18D4BA8500B45472 /* Main.storyboard in Resources */ = {isa = PBXBuildFile; fileRef = 3D7CA31A18D4BA8500B45472 /* Main.storyboard */; };
		3D7CA31F18D4BA8500B45472 /* UMPViewController.m in Sources */ = {isa = PBXBuildFile; fileRef = 3D7CA31E18D4BA8500B45472 /* UMPViewController.m */; };
		3D7CA32118D4BA8500B45472 /* Images.xcassets in Resources */ = {isa = PBXBuildFile; fileRef = 3D7CA32018D4BA8500B45472 /* Images.xcassets */; };
		3D7CA32818D4BA8500B45472 /* XCTest.framework in Frameworks */ = {isa = PBXBuildFile; fileRef = 3D7CA32718D4BA8500B45472 /* XCTest.framework */; };
		3D7CA32918D4BA8500B45472 /* Foundation.framework in Frameworks */ = {isa = PBXBuildFile; fileRef = 3D7CA30818D4BA8500B45472 /* Foundation.framework */; };
		3D7CA32A18D4BA8500B45472 /* UIKit.framework in Frameworks */ = {isa = PBXBuildFile; fileRef = 3D7CA30C18D4BA8500B45472 /* UIKit.framework */; };
		3D7CA33218D4BA8500B45472 /* InfoPlist.strings in Resources */ = {isa = PBXBuildFile; fileRef = 3D7CA33018D4BA8500B45472 /* InfoPlist.strings */; };
		3D7CA33418D4BA8500B45472 /* _version1_1_umpmeTests.m in Sources */ = {isa = PBXBuildFile; fileRef = 3D7CA33318D4BA8500B45472 /* _version1_1_umpmeTests.m */; };
		3D7CA34018D4C5AB00B45472 /* UMPLoginViewController.m in Sources */ = {isa = PBXBuildFile; fileRef = 3D7CA33F18D4C5AB00B45472 /* UMPLoginViewController.m */; };
		3D7CA34318D4C5B800B45472 /* UMPSignupViewController.m in Sources */ = {isa = PBXBuildFile; fileRef = 3D7CA34218D4C5B800B45472 /* UMPSignupViewController.m */; };
		3D7CA34618D4C5CF00B45472 /* UMPPersonalPageViewController.m in Sources */ = {isa = PBXBuildFile; fileRef = 3D7CA34518D4C5CF00B45472 /* UMPPersonalPageViewController.m */; };
		3D7CA34A18D4D30F00B45472 /* UMPLibRegex.m in Sources */ = {isa = PBXBuildFile; fileRef = 3D7CA34918D4D30F00B45472 /* UMPLibRegex.m */; };
		3D7CA34D18D4D50600B45472 /* UMPLibLocalDB.m in Sources */ = {isa = PBXBuildFile; fileRef = 3D7CA34C18D4D50600B45472 /* UMPLibLocalDB.m */; };
		3DACD2A118DF7B87008DC8F0 /* UMPEditPersonalInfoViewController.m in Sources */ = {isa = PBXBuildFile; fileRef = 3DACD2A018DF7B87008DC8F0 /* UMPEditPersonalInfoViewController.m */; };
		3DACD2A518DF824F008DC8F0 /* UMPCacheManager.m in Sources */ = {isa = PBXBuildFile; fileRef = 3DACD2A418DF824F008DC8F0 /* UMPCacheManager.m */; };
		3DACD2A918DF8366008DC8F0 /* UMPCurrUser.m in Sources */ = {isa = PBXBuildFile; fileRef = 3DACD2A818DF8366008DC8F0 /* UMPCurrUser.m */; };
		3DB55EB018D9591D0053413E /* UMPLibSyncToLocalDB.m in Sources */ = {isa = PBXBuildFile; fileRef = 3DB55EAF18D9591D0053413E /* UMPLibSyncToLocalDB.m */; };
		3DCC984418DA0FA100240C34 /* UMPBhvLogin.m in Sources */ = {isa = PBXBuildFile; fileRef = 3DCC984318DA0FA100240C34 /* UMPBhvLogin.m */; };
		3DDFE8BC18DA411F008659D8 /* UMPLibExtractDataFromLocalDB.m in Sources */ = {isa = PBXBuildFile; fileRef = 3DDFE8BB18DA411F008659D8 /* UMPLibExtractDataFromLocalDB.m */; };
		3DDFE8BF18DA708A008659D8 /* UMPLibSyncToServerDB.m in Sources */ = {isa = PBXBuildFile; fileRef = 3DDFE8BE18DA708A008659D8 /* UMPLibSyncToServerDB.m */; };
		3DDFE8C618DA76DB008659D8 /* UMPLibSyncBothSidesDB.m in Sources */ = {isa = PBXBuildFile; fileRef = 3DDFE8C518DA76DB008659D8 /* UMPLibSyncBothSidesDB.m */; };
		3DF1917818D5516E00B49BA6 /* UMPLibApiManager.m in Sources */ = {isa = PBXBuildFile; fileRef = 3DF1917718D5516E00B49BA6 /* UMPLibApiManager.m */; };
		3DF1917C18D553AE00B49BA6 /* UMPBhvSignup.m in Sources */ = {isa = PBXBuildFile; fileRef = 3DF1917B18D553AE00B49BA6 /* UMPBhvSignup.m */; };
		3DF1917F18D557C200B49BA6 /* UMPLibMD5.m in Sources */ = {isa = PBXBuildFile; fileRef = 3DF1917E18D557C200B49BA6 /* UMPLibMD5.m */; };
		3DF1918218D5599E00B49BA6 /* UMPLibNetwork.m in Sources */ = {isa = PBXBuildFile; fileRef = 3DF1918118D5599E00B49BA6 /* UMPLibNetwork.m */; };
		3DFE257218D932A0009146B8 /* UMPLibDownloadData.m in Sources */ = {isa = PBXBuildFile; fileRef = 3DFE257118D932A0009146B8 /* UMPLibDownloadData.m */; };
		442AF18218DFC3F600349206 /* Main.storyboard in Resources */ = {isa = PBXBuildFile; fileRef = 3D7CA31A18D4BA8500B45472 /* Main.storyboard */; };
		44402A6818DFDF3A0057667B /* UMPContactListViewController.m in Sources */ = {isa = PBXBuildFile; fileRef = 44402A6718DFDF3A0057667B /* UMPContactListViewController.m */; };
		44402A6918DFDF3A0057667B /* UMPContactListViewController.m in Sources */ = {isa = PBXBuildFile; fileRef = 44402A6718DFDF3A0057667B /* UMPContactListViewController.m */; };
		44402A6C18E159A90057667B /* UMPFriendDetailViewController.m in Sources */ = {isa = PBXBuildFile; fileRef = 44402A6B18E159A90057667B /* UMPFriendDetailViewController.m */; };
		44402A6D18E159A90057667B /* UMPFriendDetailViewController.m in Sources */ = {isa = PBXBuildFile; fileRef = 44402A6B18E159A90057667B /* UMPFriendDetailViewController.m */; };
		44402A7018E1C3F90057667B /* UMPInstantMessageViewController.m in Sources */ = {isa = PBXBuildFile; fileRef = 44402A6F18E1C3F90057667B /* UMPInstantMessageViewController.m */; };
		44402A7118E1C3F90057667B /* UMPInstantMessageViewController.m in Sources */ = {isa = PBXBuildFile; fileRef = 44402A6F18E1C3F90057667B /* UMPInstantMessageViewController.m */; };
		44E8909318EA6E5200EFDB65 /* UMPFriendLocationViewController.m in Sources */ = {isa = PBXBuildFile; fileRef = 44E8909218EA6E5200EFDB65 /* UMPFriendLocationViewController.m */; };
		44E8909518EA6FDE00EFDB65 /* MapKit.framework in Frameworks */ = {isa = PBXBuildFile; fileRef = 44E8909418EA6FDE00EFDB65 /* MapKit.framework */; };
		44E8909718EA6FEC00EFDB65 /* CoreLocation.framework in Frameworks */ = {isa = PBXBuildFile; fileRef = 44E8909618EA6FEC00EFDB65 /* CoreLocation.framework */; };
/* End PBXBuildFile section */

/* Begin PBXContainerItemProxy section */
		3D7CA32B18D4BA8500B45472 /* PBXContainerItemProxy */ = {
			isa = PBXContainerItemProxy;
			containerPortal = 3D7CA2FD18D4BA8500B45472 /* Project object */;
			proxyType = 1;
			remoteGlobalIDString = 3D7CA30418D4BA8500B45472;
			remoteInfo = "[version1.1]umpme";
		};
/* End PBXContainerItemProxy section */

/* Begin PBXFileReference section */
		3D0D990618D4E10A00769C07 /* libsqlite3.0.dylib */ = {isa = PBXFileReference; lastKnownFileType = "compiled.mach-o.dylib"; name = libsqlite3.0.dylib; path = usr/lib/libsqlite3.0.dylib; sourceTree = SDKROOT; };
		3D0D990718D4E10A00769C07 /* libsqlite3.dylib */ = {isa = PBXFileReference; lastKnownFileType = "compiled.mach-o.dylib"; name = libsqlite3.dylib; path = usr/lib/libsqlite3.dylib; sourceTree = SDKROOT; };
		3D11DC1618DDF4AA00F4F062 /* UMPCsntImage.h */ = {isa = PBXFileReference; fileEncoding = 4; lastKnownFileType = sourcecode.c.h; path = UMPCsntImage.h; sourceTree = "<group>"; };
		3D11DC1718DDF4AA00F4F062 /* UMPCsntImage.m */ = {isa = PBXFileReference; fileEncoding = 4; lastKnownFileType = sourcecode.c.objc; path = UMPCsntImage.m; sourceTree = "<group>"; };
		3D11DC1B18DE074900F4F062 /* cat.jpg */ = {isa = PBXFileReference; lastKnownFileType = image.jpeg; path = cat.jpg; sourceTree = "<group>"; };
		3D2EFA5818DD49A300F0FB43 /* UMPLibImage.h */ = {isa = PBXFileReference; fileEncoding = 4; lastKnownFileType = sourcecode.c.h; path = UMPLibImage.h; sourceTree = "<group>"; };
		3D2EFA5918DD49A300F0FB43 /* UMPLibImage.m */ = {isa = PBXFileReference; fileEncoding = 4; lastKnownFileType = sourcecode.c.objc; path = UMPLibImage.m; sourceTree = "<group>"; };
		3D4EE0A618D6B57B00F14269 /* UMPLibDateTime.h */ = {isa = PBXFileReference; fileEncoding = 4; lastKnownFileType = sourcecode.c.h; path = UMPLibDateTime.h; sourceTree = "<group>"; };
		3D4EE0A718D6B57B00F14269 /* UMPLibDateTime.m */ = {isa = PBXFileReference; fileEncoding = 4; lastKnownFileType = sourcecode.c.objc; path = UMPLibDateTime.m; sourceTree = "<group>"; };
		3D5283CA18D8D5D100AAFA1F /* UMPCsntNetwork.h */ = {isa = PBXFileReference; fileEncoding = 4; lastKnownFileType = sourcecode.c.h; path = UMPCsntNetwork.h; sourceTree = "<group>"; };
		3D5283CB18D8D5D100AAFA1F /* UMPCsntNetwork.m */ = {isa = PBXFileReference; fileEncoding = 4; lastKnownFileType = sourcecode.c.objc; path = UMPCsntNetwork.m; sourceTree = "<group>"; };
		3D5283CF18D8D6E800AAFA1F /* UMPCsntLocalDB.h */ = {isa = PBXFileReference; fileEncoding = 4; lastKnownFileType = sourcecode.c.h; path = UMPCsntLocalDB.h; sourceTree = "<group>"; };
		3D5283D018D8D6E800AAFA1F /* UMPCsntLocalDB.m */ = {isa = PBXFileReference; fileEncoding = 4; lastKnownFileType = sourcecode.c.objc; path = UMPCsntLocalDB.m; sourceTree = "<group>"; };
		3D5283D318D8D79700AAFA1F /* UMPCsntDateTime.h */ = {isa = PBXFileReference; fileEncoding = 4; lastKnownFileType = sourcecode.c.h; path = UMPCsntDateTime.h; sourceTree = "<group>"; };
		3D5283D418D8D79700AAFA1F /* UMPCsntDateTime.m */ = {isa = PBXFileReference; fileEncoding = 4; lastKnownFileType = sourcecode.c.objc; path = UMPCsntDateTime.m; sourceTree = "<group>"; };
		3D5283D718D8D82C00AAFA1F /* UMPCsntColor.h */ = {isa = PBXFileReference; fileEncoding = 4; lastKnownFileType = sourcecode.c.h; path = UMPCsntColor.h; sourceTree = "<group>"; };
		3D5283D818D8D82C00AAFA1F /* UMPCsntColor.m */ = {isa = PBXFileReference; fileEncoding = 4; lastKnownFileType = sourcecode.c.objc; path = UMPCsntColor.m; sourceTree = "<group>"; };
		3D5283DA18D8D8D900AAFA1F /* UMPCsntManager.h */ = {isa = PBXFileReference; fileEncoding = 4; lastKnownFileType = sourcecode.c.h; path = UMPCsntManager.h; sourceTree = "<group>"; };
		3D5283DB18D8D8D900AAFA1F /* UMPCsntManager.m */ = {isa = PBXFileReference; fileEncoding = 4; lastKnownFileType = sourcecode.c.objc; path = UMPCsntManager.m; sourceTree = "<group>"; };
		3D5283E218D8DB9700AAFA1F /* UMPBhvManager.h */ = {isa = PBXFileReference; fileEncoding = 4; lastKnownFileType = sourcecode.c.h; path = UMPBhvManager.h; sourceTree = "<group>"; };
		3D5283E318D8DB9700AAFA1F /* UMPBhvManager.m */ = {isa = PBXFileReference; fileEncoding = 4; lastKnownFileType = sourcecode.c.objc; path = UMPBhvManager.m; sourceTree = "<group>"; };
		3D5283E918D8E0AB00AAFA1F /* UMPCsntSegue.h */ = {isa = PBXFileReference; fileEncoding = 4; lastKnownFileType = sourcecode.c.h; path = UMPCsntSegue.h; sourceTree = "<group>"; };
		3D5283EA18D8E0AB00AAFA1F /* UMPCsntSegue.m */ = {isa = PBXFileReference; fileEncoding = 4; lastKnownFileType = sourcecode.c.objc; path = UMPCsntSegue.m; sourceTree = "<group>"; };
		3D5922CD18DCC261004BF35D /* UMPBhvSignout.h */ = {isa = PBXFileReference; fileEncoding = 4; lastKnownFileType = sourcecode.c.h; path = UMPBhvSignout.h; sourceTree = "<group>"; };
		3D5922CE18DCC261004BF35D /* UMPBhvSignout.m */ = {isa = PBXFileReference; fileEncoding = 4; lastKnownFileType = sourcecode.c.objc; path = UMPBhvSignout.m; sourceTree = "<group>"; };
		3D5922D118DCD44F004BF35D /* UMPBhvAutoLogin.h */ = {isa = PBXFileReference; fileEncoding = 4; lastKnownFileType = sourcecode.c.h; path = UMPBhvAutoLogin.h; sourceTree = "<group>"; };
		3D5922D218DCD44F004BF35D /* UMPBhvAutoLogin.m */ = {isa = PBXFileReference; fileEncoding = 4; lastKnownFileType = sourcecode.c.objc; path = UMPBhvAutoLogin.m; sourceTree = "<group>"; };
		3D7CA30518D4BA8500B45472 /* [version1.1]umpme.app */ = {isa = PBXFileReference; explicitFileType = wrapper.application; includeInIndex = 0; path = "[version1.1]umpme.app"; sourceTree = BUILT_PRODUCTS_DIR; };
		3D7CA30818D4BA8500B45472 /* Foundation.framework */ = {isa = PBXFileReference; lastKnownFileType = wrapper.framework; name = Foundation.framework; path = System/Library/Frameworks/Foundation.framework; sourceTree = SDKROOT; };
		3D7CA30A18D4BA8500B45472 /* CoreGraphics.framework */ = {isa = PBXFileReference; lastKnownFileType = wrapper.framework; name = CoreGraphics.framework; path = System/Library/Frameworks/CoreGraphics.framework; sourceTree = SDKROOT; };
		3D7CA30C18D4BA8500B45472 /* UIKit.framework */ = {isa = PBXFileReference; lastKnownFileType = wrapper.framework; name = UIKit.framework; path = System/Library/Frameworks/UIKit.framework; sourceTree = SDKROOT; };
		3D7CA31018D4BA8500B45472 /* [version1.1]umpme-Info.plist */ = {isa = PBXFileReference; lastKnownFileType = text.plist.xml; path = "[version1.1]umpme-Info.plist"; sourceTree = "<group>"; };
		3D7CA31218D4BA8500B45472 /* en */ = {isa = PBXFileReference; lastKnownFileType = text.plist.strings; name = en; path = en.lproj/InfoPlist.strings; sourceTree = "<group>"; };
		3D7CA31418D4BA8500B45472 /* main.m */ = {isa = PBXFileReference; lastKnownFileType = sourcecode.c.objc; path = main.m; sourceTree = "<group>"; };
		3D7CA31618D4BA8500B45472 /* [version1.1]umpme-Prefix.pch */ = {isa = PBXFileReference; lastKnownFileType = sourcecode.c.h; path = "[version1.1]umpme-Prefix.pch"; sourceTree = "<group>"; };
		3D7CA31718D4BA8500B45472 /* UMPAppDelegate.h */ = {isa = PBXFileReference; lastKnownFileType = sourcecode.c.h; path = UMPAppDelegate.h; sourceTree = "<group>"; };
		3D7CA31818D4BA8500B45472 /* UMPAppDelegate.m */ = {isa = PBXFileReference; lastKnownFileType = sourcecode.c.objc; path = UMPAppDelegate.m; sourceTree = "<group>"; };
		3D7CA31B18D4BA8500B45472 /* Base */ = {isa = PBXFileReference; lastKnownFileType = file.storyboard; name = Base; path = Base.lproj/Main.storyboard; sourceTree = "<group>"; };
		3D7CA31D18D4BA8500B45472 /* UMPViewController.h */ = {isa = PBXFileReference; lastKnownFileType = sourcecode.c.h; path = UMPViewController.h; sourceTree = "<group>"; };
		3D7CA31E18D4BA8500B45472 /* UMPViewController.m */ = {isa = PBXFileReference; lastKnownFileType = sourcecode.c.objc; path = UMPViewController.m; sourceTree = "<group>"; };
		3D7CA32018D4BA8500B45472 /* Images.xcassets */ = {isa = PBXFileReference; lastKnownFileType = folder.assetcatalog; path = Images.xcassets; sourceTree = "<group>"; };
		3D7CA32618D4BA8500B45472 /* [version1.1]umpmeTests.xctest */ = {isa = PBXFileReference; explicitFileType = wrapper.cfbundle; includeInIndex = 0; path = "[version1.1]umpmeTests.xctest"; sourceTree = BUILT_PRODUCTS_DIR; };
		3D7CA32718D4BA8500B45472 /* XCTest.framework */ = {isa = PBXFileReference; lastKnownFileType = wrapper.framework; name = XCTest.framework; path = Library/Frameworks/XCTest.framework; sourceTree = DEVELOPER_DIR; };
		3D7CA32F18D4BA8500B45472 /* [version1.1]umpmeTests-Info.plist */ = {isa = PBXFileReference; lastKnownFileType = text.plist.xml; path = "[version1.1]umpmeTests-Info.plist"; sourceTree = "<group>"; };
		3D7CA33118D4BA8500B45472 /* en */ = {isa = PBXFileReference; lastKnownFileType = text.plist.strings; name = en; path = en.lproj/InfoPlist.strings; sourceTree = "<group>"; };
		3D7CA33318D4BA8500B45472 /* _version1_1_umpmeTests.m */ = {isa = PBXFileReference; lastKnownFileType = sourcecode.c.objc; path = _version1_1_umpmeTests.m; sourceTree = "<group>"; };
		3D7CA33E18D4C5AB00B45472 /* UMPLoginViewController.h */ = {isa = PBXFileReference; fileEncoding = 4; lastKnownFileType = sourcecode.c.h; path = UMPLoginViewController.h; sourceTree = "<group>"; };
		3D7CA33F18D4C5AB00B45472 /* UMPLoginViewController.m */ = {isa = PBXFileReference; fileEncoding = 4; lastKnownFileType = sourcecode.c.objc; path = UMPLoginViewController.m; sourceTree = "<group>"; };
		3D7CA34118D4C5B800B45472 /* UMPSignupViewController.h */ = {isa = PBXFileReference; fileEncoding = 4; lastKnownFileType = sourcecode.c.h; path = UMPSignupViewController.h; sourceTree = "<group>"; };
		3D7CA34218D4C5B800B45472 /* UMPSignupViewController.m */ = {isa = PBXFileReference; fileEncoding = 4; lastKnownFileType = sourcecode.c.objc; path = UMPSignupViewController.m; sourceTree = "<group>"; };
		3D7CA34418D4C5CF00B45472 /* UMPPersonalPageViewController.h */ = {isa = PBXFileReference; fileEncoding = 4; lastKnownFileType = sourcecode.c.h; path = UMPPersonalPageViewController.h; sourceTree = "<group>"; };
		3D7CA34518D4C5CF00B45472 /* UMPPersonalPageViewController.m */ = {isa = PBXFileReference; fileEncoding = 4; lastKnownFileType = sourcecode.c.objc; path = UMPPersonalPageViewController.m; sourceTree = "<group>"; };
		3D7CA34818D4D30F00B45472 /* UMPLibRegex.h */ = {isa = PBXFileReference; fileEncoding = 4; lastKnownFileType = sourcecode.c.h; path = UMPLibRegex.h; sourceTree = "<group>"; };
		3D7CA34918D4D30F00B45472 /* UMPLibRegex.m */ = {isa = PBXFileReference; fileEncoding = 4; lastKnownFileType = sourcecode.c.objc; path = UMPLibRegex.m; sourceTree = "<group>"; };
		3D7CA34B18D4D50600B45472 /* UMPLibLocalDB.h */ = {isa = PBXFileReference; fileEncoding = 4; lastKnownFileType = sourcecode.c.h; path = UMPLibLocalDB.h; sourceTree = "<group>"; };
		3D7CA34C18D4D50600B45472 /* UMPLibLocalDB.m */ = {isa = PBXFileReference; fileEncoding = 4; lastKnownFileType = sourcecode.c.objc; path = UMPLibLocalDB.m; sourceTree = "<group>"; };
		3DACD29F18DF7B87008DC8F0 /* UMPEditPersonalInfoViewController.h */ = {isa = PBXFileReference; fileEncoding = 4; lastKnownFileType = sourcecode.c.h; path = UMPEditPersonalInfoViewController.h; sourceTree = "<group>"; };
		3DACD2A018DF7B87008DC8F0 /* UMPEditPersonalInfoViewController.m */ = {isa = PBXFileReference; fileEncoding = 4; lastKnownFileType = sourcecode.c.objc; path = UMPEditPersonalInfoViewController.m; sourceTree = "<group>"; };
		3DACD2A318DF824F008DC8F0 /* UMPCacheManager.h */ = {isa = PBXFileReference; fileEncoding = 4; lastKnownFileType = sourcecode.c.h; path = UMPCacheManager.h; sourceTree = "<group>"; };
		3DACD2A418DF824F008DC8F0 /* UMPCacheManager.m */ = {isa = PBXFileReference; fileEncoding = 4; lastKnownFileType = sourcecode.c.objc; path = UMPCacheManager.m; sourceTree = "<group>"; };
		3DACD2A718DF8366008DC8F0 /* UMPCurrUser.h */ = {isa = PBXFileReference; fileEncoding = 4; lastKnownFileType = sourcecode.c.h; path = UMPCurrUser.h; sourceTree = "<group>"; };
		3DACD2A818DF8366008DC8F0 /* UMPCurrUser.m */ = {isa = PBXFileReference; fileEncoding = 4; lastKnownFileType = sourcecode.c.objc; path = UMPCurrUser.m; sourceTree = "<group>"; };
		3DB55EAE18D9591D0053413E /* UMPLibSyncToLocalDB.h */ = {isa = PBXFileReference; fileEncoding = 4; lastKnownFileType = sourcecode.c.h; path = UMPLibSyncToLocalDB.h; sourceTree = "<group>"; };
		3DB55EAF18D9591D0053413E /* UMPLibSyncToLocalDB.m */ = {isa = PBXFileReference; fileEncoding = 4; lastKnownFileType = sourcecode.c.objc; path = UMPLibSyncToLocalDB.m; sourceTree = "<group>"; };
		3DCC984218DA0FA100240C34 /* UMPBhvLogin.h */ = {isa = PBXFileReference; fileEncoding = 4; lastKnownFileType = sourcecode.c.h; path = UMPBhvLogin.h; sourceTree = "<group>"; };
		3DCC984318DA0FA100240C34 /* UMPBhvLogin.m */ = {isa = PBXFileReference; fileEncoding = 4; lastKnownFileType = sourcecode.c.objc; path = UMPBhvLogin.m; sourceTree = "<group>"; };
		3DDFE8BA18DA411F008659D8 /* UMPLibExtractDataFromLocalDB.h */ = {isa = PBXFileReference; fileEncoding = 4; lastKnownFileType = sourcecode.c.h; path = UMPLibExtractDataFromLocalDB.h; sourceTree = "<group>"; };
		3DDFE8BB18DA411F008659D8 /* UMPLibExtractDataFromLocalDB.m */ = {isa = PBXFileReference; fileEncoding = 4; lastKnownFileType = sourcecode.c.objc; path = UMPLibExtractDataFromLocalDB.m; sourceTree = "<group>"; };
		3DDFE8BD18DA708A008659D8 /* UMPLibSyncToServerDB.h */ = {isa = PBXFileReference; fileEncoding = 4; lastKnownFileType = sourcecode.c.h; path = UMPLibSyncToServerDB.h; sourceTree = "<group>"; };
		3DDFE8BE18DA708A008659D8 /* UMPLibSyncToServerDB.m */ = {isa = PBXFileReference; fileEncoding = 4; lastKnownFileType = sourcecode.c.objc; path = UMPLibSyncToServerDB.m; sourceTree = "<group>"; };
		3DDFE8C418DA76DB008659D8 /* UMPLibSyncBothSidesDB.h */ = {isa = PBXFileReference; fileEncoding = 4; lastKnownFileType = sourcecode.c.h; path = UMPLibSyncBothSidesDB.h; sourceTree = "<group>"; };
		3DDFE8C518DA76DB008659D8 /* UMPLibSyncBothSidesDB.m */ = {isa = PBXFileReference; fileEncoding = 4; lastKnownFileType = sourcecode.c.objc; path = UMPLibSyncBothSidesDB.m; sourceTree = "<group>"; };
		3DF1917618D5516E00B49BA6 /* UMPLibApiManager.h */ = {isa = PBXFileReference; fileEncoding = 4; lastKnownFileType = sourcecode.c.h; path = UMPLibApiManager.h; sourceTree = "<group>"; };
		3DF1917718D5516E00B49BA6 /* UMPLibApiManager.m */ = {isa = PBXFileReference; fileEncoding = 4; lastKnownFileType = sourcecode.c.objc; path = UMPLibApiManager.m; sourceTree = "<group>"; };
		3DF1917A18D553AE00B49BA6 /* UMPBhvSignup.h */ = {isa = PBXFileReference; fileEncoding = 4; lastKnownFileType = sourcecode.c.h; path = UMPBhvSignup.h; sourceTree = "<group>"; };
		3DF1917B18D553AE00B49BA6 /* UMPBhvSignup.m */ = {isa = PBXFileReference; fileEncoding = 4; lastKnownFileType = sourcecode.c.objc; path = UMPBhvSignup.m; sourceTree = "<group>"; };
		3DF1917D18D557C200B49BA6 /* UMPLibMD5.h */ = {isa = PBXFileReference; fileEncoding = 4; lastKnownFileType = sourcecode.c.h; path = UMPLibMD5.h; sourceTree = "<group>"; };
		3DF1917E18D557C200B49BA6 /* UMPLibMD5.m */ = {isa = PBXFileReference; fileEncoding = 4; lastKnownFileType = sourcecode.c.objc; path = UMPLibMD5.m; sourceTree = "<group>"; };
		3DF1918018D5599E00B49BA6 /* UMPLibNetwork.h */ = {isa = PBXFileReference; fileEncoding = 4; lastKnownFileType = sourcecode.c.h; path = UMPLibNetwork.h; sourceTree = "<group>"; };
		3DF1918118D5599E00B49BA6 /* UMPLibNetwork.m */ = {isa = PBXFileReference; fileEncoding = 4; lastKnownFileType = sourcecode.c.objc; path = UMPLibNetwork.m; sourceTree = "<group>"; };
		3DFE257018D932A0009146B8 /* UMPLibDownloadData.h */ = {isa = PBXFileReference; fileEncoding = 4; lastKnownFileType = sourcecode.c.h; path = UMPLibDownloadData.h; sourceTree = "<group>"; };
		3DFE257118D932A0009146B8 /* UMPLibDownloadData.m */ = {isa = PBXFileReference; fileEncoding = 4; lastKnownFileType = sourcecode.c.objc; path = UMPLibDownloadData.m; sourceTree = "<group>"; };
		44402A6618DFDF3A0057667B /* UMPContactListViewController.h */ = {isa = PBXFileReference; fileEncoding = 4; lastKnownFileType = sourcecode.c.h; path = UMPContactListViewController.h; sourceTree = "<group>"; };
		44402A6718DFDF3A0057667B /* UMPContactListViewController.m */ = {isa = PBXFileReference; fileEncoding = 4; lastKnownFileType = sourcecode.c.objc; path = UMPContactListViewController.m; sourceTree = "<group>"; };
		44402A6A18E159A90057667B /* UMPFriendDetailViewController.h */ = {isa = PBXFileReference; fileEncoding = 4; lastKnownFileType = sourcecode.c.h; path = UMPFriendDetailViewController.h; sourceTree = "<group>"; };
		44402A6B18E159A90057667B /* UMPFriendDetailViewController.m */ = {isa = PBXFileReference; fileEncoding = 4; lastKnownFileType = sourcecode.c.objc; path = UMPFriendDetailViewController.m; sourceTree = "<group>"; };
		44402A6E18E1C3F90057667B /* UMPInstantMessageViewController.h */ = {isa = PBXFileReference; fileEncoding = 4; lastKnownFileType = sourcecode.c.h; path = UMPInstantMessageViewController.h; sourceTree = "<group>"; };
		44402A6F18E1C3F90057667B /* UMPInstantMessageViewController.m */ = {isa = PBXFileReference; fileEncoding = 4; lastKnownFileType = sourcecode.c.objc; path = UMPInstantMessageViewController.m; sourceTree = "<group>"; };
		44E8909118EA6E5200EFDB65 /* UMPFriendLocationViewController.h */ = {isa = PBXFileReference; fileEncoding = 4; lastKnownFileType = sourcecode.c.h; path = UMPFriendLocationViewController.h; sourceTree = "<group>"; };
		44E8909218EA6E5200EFDB65 /* UMPFriendLocationViewController.m */ = {isa = PBXFileReference; fileEncoding = 4; lastKnownFileType = sourcecode.c.objc; path = UMPFriendLocationViewController.m; sourceTree = "<group>"; };
		44E8909418EA6FDE00EFDB65 /* MapKit.framework */ = {isa = PBXFileReference; lastKnownFileType = wrapper.framework; name = MapKit.framework; path = System/Library/Frameworks/MapKit.framework; sourceTree = SDKROOT; };
		44E8909618EA6FEC00EFDB65 /* CoreLocation.framework */ = {isa = PBXFileReference; lastKnownFileType = wrapper.framework; name = CoreLocation.framework; path = System/Library/Frameworks/CoreLocation.framework; sourceTree = SDKROOT; };
/* End PBXFileReference section */

/* Begin PBXFrameworksBuildPhase section */
		3D7CA30218D4BA8500B45472 /* Frameworks */ = {
			isa = PBXFrameworksBuildPhase;
			buildActionMask = 2147483647;
			files = (
				44E8909718EA6FEC00EFDB65 /* CoreLocation.framework in Frameworks */,
				44E8909518EA6FDE00EFDB65 /* MapKit.framework in Frameworks */,
				3D0D990818D4E10A00769C07 /* libsqlite3.0.dylib in Frameworks */,
				3D0D990918D4E10A00769C07 /* libsqlite3.dylib in Frameworks */,
				3D7CA30B18D4BA8500B45472 /* CoreGraphics.framework in Frameworks */,
				3D7CA30D18D4BA8500B45472 /* UIKit.framework in Frameworks */,
				3D7CA30918D4BA8500B45472 /* Foundation.framework in Frameworks */,
			);
			runOnlyForDeploymentPostprocessing = 0;
		};
		3D7CA32318D4BA8500B45472 /* Frameworks */ = {
			isa = PBXFrameworksBuildPhase;
			buildActionMask = 2147483647;
			files = (
				3D7CA32818D4BA8500B45472 /* XCTest.framework in Frameworks */,
				3D7CA32A18D4BA8500B45472 /* UIKit.framework in Frameworks */,
				3D7CA32918D4BA8500B45472 /* Foundation.framework in Frameworks */,
			);
			runOnlyForDeploymentPostprocessing = 0;
		};
/* End PBXFrameworksBuildPhase section */

/* Begin PBXGroup section */
		3D11DC1518DDF49200F4F062 /* image */ = {
			isa = PBXGroup;
			children = (
				3D11DC1618DDF4AA00F4F062 /* UMPCsntImage.h */,
				3D11DC1718DDF4AA00F4F062 /* UMPCsntImage.m */,
			);
			name = image;
			sourceTree = "<group>";
		};
		3D11DC1918DE06D100F4F062 /* umpme static */ = {
			isa = PBXGroup;
			children = (
				3D11DC1A18DE06E600F4F062 /* umpme images */,
			);
			name = "umpme static";
			sourceTree = "<group>";
		};
		3D11DC1A18DE06E600F4F062 /* umpme images */ = {
			isa = PBXGroup;
			children = (
				3D11DC1B18DE074900F4F062 /* cat.jpg */,
			);
			name = "umpme images";
			sourceTree = "<group>";
		};
		3D4EE0A918D6B9CD00F14269 /* umpme lib api details */ = {
			isa = PBXGroup;
			children = (
				3DDFE8C018DA7655008659D8 /* sync both sides db */,
				3DA6C72018D97FC700966BDF /* image */,
				3DB55EAD18D955440053413E /* sync to server db */,
				3DB55EAC18D9552C0053413E /* extract data from local db */,
				3DB55EAB18D955100053413E /* sync to local db */,
				3DFE256C18D93164009146B8 /* download data */,
				3D4EE0AE18D6BA3300F14269 /* datetime */,
				3D4EE0AD18D6BA2600F14269 /* network */,
				3D4EE0AC18D6BA1600F14269 /* md5 */,
				3D4EE0AB18D6BA0700F14269 /* local db */,
				3D4EE0AA18D6B9F300F14269 /* regex */,
			);
			name = "umpme lib api details";
			sourceTree = "<group>";
		};
		3D4EE0AA18D6B9F300F14269 /* regex */ = {
			isa = PBXGroup;
			children = (
				3D7CA34818D4D30F00B45472 /* UMPLibRegex.h */,
				3D7CA34918D4D30F00B45472 /* UMPLibRegex.m */,
			);
			name = regex;
			sourceTree = "<group>";
		};
		3D4EE0AB18D6BA0700F14269 /* local db */ = {
			isa = PBXGroup;
			children = (
				3D7CA34B18D4D50600B45472 /* UMPLibLocalDB.h */,
				3D7CA34C18D4D50600B45472 /* UMPLibLocalDB.m */,
			);
			name = "local db";
			sourceTree = "<group>";
		};
		3D4EE0AC18D6BA1600F14269 /* md5 */ = {
			isa = PBXGroup;
			children = (
				3DF1917D18D557C200B49BA6 /* UMPLibMD5.h */,
				3DF1917E18D557C200B49BA6 /* UMPLibMD5.m */,
			);
			name = md5;
			sourceTree = "<group>";
		};
		3D4EE0AD18D6BA2600F14269 /* network */ = {
			isa = PBXGroup;
			children = (
				3DF1918018D5599E00B49BA6 /* UMPLibNetwork.h */,
				3DF1918118D5599E00B49BA6 /* UMPLibNetwork.m */,
			);
			name = network;
			sourceTree = "<group>";
		};
		3D4EE0AE18D6BA3300F14269 /* datetime */ = {
			isa = PBXGroup;
			children = (
				3D4EE0A618D6B57B00F14269 /* UMPLibDateTime.h */,
				3D4EE0A718D6B57B00F14269 /* UMPLibDateTime.m */,
			);
			name = datetime;
			sourceTree = "<group>";
		};
		3D4EE0AF18D6BA5500F14269 /* signup */ = {
			isa = PBXGroup;
			children = (
				3DF1917A18D553AE00B49BA6 /* UMPBhvSignup.h */,
				3DF1917B18D553AE00B49BA6 /* UMPBhvSignup.m */,
			);
			name = signup;
			sourceTree = "<group>";
		};
		3D5283CD18D8D5D800AAFA1F /* network */ = {
			isa = PBXGroup;
			children = (
				3D5283CA18D8D5D100AAFA1F /* UMPCsntNetwork.h */,
				3D5283CB18D8D5D100AAFA1F /* UMPCsntNetwork.m */,
			);
			name = network;
			sourceTree = "<group>";
		};
		3D5283CE18D8D6CE00AAFA1F /* local db */ = {
			isa = PBXGroup;
			children = (
				3D5283CF18D8D6E800AAFA1F /* UMPCsntLocalDB.h */,
				3D5283D018D8D6E800AAFA1F /* UMPCsntLocalDB.m */,
			);
			name = "local db";
			sourceTree = "<group>";
		};
		3D5283D218D8D78400AAFA1F /* datetime */ = {
			isa = PBXGroup;
			children = (
				3D5283D318D8D79700AAFA1F /* UMPCsntDateTime.h */,
				3D5283D418D8D79700AAFA1F /* UMPCsntDateTime.m */,
			);
			name = datetime;
			sourceTree = "<group>";
		};
		3D5283D618D8D82200AAFA1F /* color */ = {
			isa = PBXGroup;
			children = (
				3D5283D718D8D82C00AAFA1F /* UMPCsntColor.h */,
				3D5283D818D8D82C00AAFA1F /* UMPCsntColor.m */,
			);
			name = color;
			sourceTree = "<group>";
		};
		3D5283DD18D8DA8C00AAFA1F /* umpme constant details */ = {
			isa = PBXGroup;
			children = (
				3D11DC1518DDF49200F4F062 /* image */,
				3D5283E518D8E06E00AAFA1F /* segue */,
				3D5283D618D8D82200AAFA1F /* color */,
				3D5283D218D8D78400AAFA1F /* datetime */,
				3D5283CE18D8D6CE00AAFA1F /* local db */,
				3D5283CD18D8D5D800AAFA1F /* network */,
			);
			name = "umpme constant details";
			sourceTree = "<group>";
		};
		3D5283DE18D8DAC600AAFA1F /* umpme behavior details */ = {
			isa = PBXGroup;
			children = (
				3D5922D018DCD430004BF35D /* autologin */,
				3D5922CC18DCC24D004BF35D /* signout */,
				3DCC984118DA0F7300240C34 /* login */,
				3D4EE0AF18D6BA5500F14269 /* signup */,
			);
			name = "umpme behavior details";
			sourceTree = "<group>";
		};
		3D5283E518D8E06E00AAFA1F /* segue */ = {
			isa = PBXGroup;
			children = (
				3D5283E918D8E0AB00AAFA1F /* UMPCsntSegue.h */,
				3D5283EA18D8E0AB00AAFA1F /* UMPCsntSegue.m */,
			);
			name = segue;
			sourceTree = "<group>";
		};
		3D5922CC18DCC24D004BF35D /* signout */ = {
			isa = PBXGroup;
			children = (
				3D5922CD18DCC261004BF35D /* UMPBhvSignout.h */,
				3D5922CE18DCC261004BF35D /* UMPBhvSignout.m */,
			);
			name = signout;
			sourceTree = "<group>";
		};
		3D5922D018DCD430004BF35D /* autologin */ = {
			isa = PBXGroup;
			children = (
				3D5922D118DCD44F004BF35D /* UMPBhvAutoLogin.h */,
				3D5922D218DCD44F004BF35D /* UMPBhvAutoLogin.m */,
			);
			name = autologin;
			sourceTree = "<group>";
		};
		3D7CA2FC18D4BA8500B45472 = {
			isa = PBXGroup;
			children = (
				3D7CA30E18D4BA8500B45472 /* [version1.1]umpme */,
				3D7CA32D18D4BA8500B45472 /* [version1.1]umpmeTests */,
				3D7CA30718D4BA8500B45472 /* Frameworks */,
				3D7CA30618D4BA8500B45472 /* Products */,
			);
			sourceTree = "<group>";
		};
		3D7CA30618D4BA8500B45472 /* Products */ = {
			isa = PBXGroup;
			children = (
				3D7CA30518D4BA8500B45472 /* [version1.1]umpme.app */,
				3D7CA32618D4BA8500B45472 /* [version1.1]umpmeTests.xctest */,
			);
			name = Products;
			sourceTree = "<group>";
		};
		3D7CA30718D4BA8500B45472 /* Frameworks */ = {
			isa = PBXGroup;
			children = (
				44E8909618EA6FEC00EFDB65 /* CoreLocation.framework */,
				44E8909418EA6FDE00EFDB65 /* MapKit.framework */,
				3D0D990618D4E10A00769C07 /* libsqlite3.0.dylib */,
				3D0D990718D4E10A00769C07 /* libsqlite3.dylib */,
				3D7CA30818D4BA8500B45472 /* Foundation.framework */,
				3D7CA30A18D4BA8500B45472 /* CoreGraphics.framework */,
				3D7CA30C18D4BA8500B45472 /* UIKit.framework */,
				3D7CA32718D4BA8500B45472 /* XCTest.framework */,
			);
			name = Frameworks;
			sourceTree = "<group>";
		};
		3D7CA30E18D4BA8500B45472 /* [version1.1]umpme */ = {
			isa = PBXGroup;
			children = (
				3D7CA31718D4BA8500B45472 /* UMPAppDelegate.h */,
				3D7CA31818D4BA8500B45472 /* UMPAppDelegate.m */,
				3D7CA31A18D4BA8500B45472 /* Main.storyboard */,
				3DACD2A218DF8103008DC8F0 /* umpme cache */,
				3D11DC1918DE06D100F4F062 /* umpme static */,
				3DF1918318D55B3800B49BA6 /* umpme constant */,
				3D7CA34718D4CD3D00B45472 /* umpme lib api */,
				3DF1917918D5532900B49BA6 /* umpme behavior */,
				3D7CA33D18D4C55B00B45472 /* umpme controllers */,
				3D7CA32018D4BA8500B45472 /* Images.xcassets */,
				3D7CA30F18D4BA8500B45472 /* Supporting Files */,
			);
			path = "[version1.1]umpme";
			sourceTree = "<group>";
		};
		3D7CA30F18D4BA8500B45472 /* Supporting Files */ = {
			isa = PBXGroup;
			children = (
				3D7CA31018D4BA8500B45472 /* [version1.1]umpme-Info.plist */,
				3D7CA31118D4BA8500B45472 /* InfoPlist.strings */,
				3D7CA31418D4BA8500B45472 /* main.m */,
				3D7CA31618D4BA8500B45472 /* [version1.1]umpme-Prefix.pch */,
			);
			name = "Supporting Files";
			sourceTree = "<group>";
		};
		3D7CA32D18D4BA8500B45472 /* [version1.1]umpmeTests */ = {
			isa = PBXGroup;
			children = (
				3D7CA33318D4BA8500B45472 /* _version1_1_umpmeTests.m */,
				3D7CA32E18D4BA8500B45472 /* Supporting Files */,
			);
			path = "[version1.1]umpmeTests";
			sourceTree = "<group>";
		};
		3D7CA32E18D4BA8500B45472 /* Supporting Files */ = {
			isa = PBXGroup;
			children = (
				3D7CA32F18D4BA8500B45472 /* [version1.1]umpmeTests-Info.plist */,
				3D7CA33018D4BA8500B45472 /* InfoPlist.strings */,
			);
			name = "Supporting Files";
			sourceTree = "<group>";
		};
		3D7CA33D18D4C55B00B45472 /* umpme controllers */ = {
			isa = PBXGroup;
			children = (
				3D7CA31D18D4BA8500B45472 /* UMPViewController.h */,
				3D7CA31E18D4BA8500B45472 /* UMPViewController.m */,
				3D7CA33E18D4C5AB00B45472 /* UMPLoginViewController.h */,
				3D7CA33F18D4C5AB00B45472 /* UMPLoginViewController.m */,
				3D7CA34118D4C5B800B45472 /* UMPSignupViewController.h */,
				3D7CA34218D4C5B800B45472 /* UMPSignupViewController.m */,
				3D7CA34418D4C5CF00B45472 /* UMPPersonalPageViewController.h */,
				3D7CA34518D4C5CF00B45472 /* UMPPersonalPageViewController.m */,
				3DACD29F18DF7B87008DC8F0 /* UMPEditPersonalInfoViewController.h */,
				3DACD2A018DF7B87008DC8F0 /* UMPEditPersonalInfoViewController.m */,
				44402A6618DFDF3A0057667B /* UMPContactListViewController.h */,
				44402A6718DFDF3A0057667B /* UMPContactListViewController.m */,
				44402A6A18E159A90057667B /* UMPFriendDetailViewController.h */,
				44402A6B18E159A90057667B /* UMPFriendDetailViewController.m */,
				44402A6E18E1C3F90057667B /* UMPInstantMessageViewController.h */,
				44402A6F18E1C3F90057667B /* UMPInstantMessageViewController.m */,
				44E8909118EA6E5200EFDB65 /* UMPFriendLocationViewController.h */,
				44E8909218EA6E5200EFDB65 /* UMPFriendLocationViewController.m */,
			);
			name = "umpme controllers";
			sourceTree = "<group>";
		};
		3D7CA34718D4CD3D00B45472 /* umpme lib api */ = {
			isa = PBXGroup;
			children = (
				3DF1917618D5516E00B49BA6 /* UMPLibApiManager.h */,
				3DF1917718D5516E00B49BA6 /* UMPLibApiManager.m */,
				3D4EE0A918D6B9CD00F14269 /* umpme lib api details */,
			);
			name = "umpme lib api";
			sourceTree = "<group>";
		};
		3DA6C72018D97FC700966BDF /* image */ = {
			isa = PBXGroup;
			children = (
				3D2EFA5818DD49A300F0FB43 /* UMPLibImage.h */,
				3D2EFA5918DD49A300F0FB43 /* UMPLibImage.m */,
			);
			name = image;
			sourceTree = "<group>";
		};
		3DACD2A218DF8103008DC8F0 /* umpme cache */ = {
			isa = PBXGroup;
			children = (
				3DACD2A318DF824F008DC8F0 /* UMPCacheManager.h */,
				3DACD2A418DF824F008DC8F0 /* UMPCacheManager.m */,
				3DACD2AA18DF89B7008DC8F0 /* umpme cache details */,
			);
			name = "umpme cache";
			sourceTree = "<group>";
		};
		3DACD2A618DF8333008DC8F0 /* curr user */ = {
			isa = PBXGroup;
			children = (
				3DACD2A718DF8366008DC8F0 /* UMPCurrUser.h */,
				3DACD2A818DF8366008DC8F0 /* UMPCurrUser.m */,
			);
			name = "curr user";
			sourceTree = "<group>";
		};
		3DACD2AA18DF89B7008DC8F0 /* umpme cache details */ = {
			isa = PBXGroup;
			children = (
				3DACD2A618DF8333008DC8F0 /* curr user */,
			);
			name = "umpme cache details";
			sourceTree = "<group>";
		};
		3DB55EAB18D955100053413E /* sync to local db */ = {
			isa = PBXGroup;
			children = (
				3DB55EAE18D9591D0053413E /* UMPLibSyncToLocalDB.h */,
				3DB55EAF18D9591D0053413E /* UMPLibSyncToLocalDB.m */,
			);
			name = "sync to local db";
			sourceTree = "<group>";
		};
		3DB55EAC18D9552C0053413E /* extract data from local db */ = {
			isa = PBXGroup;
			children = (
				3DDFE8BA18DA411F008659D8 /* UMPLibExtractDataFromLocalDB.h */,
				3DDFE8BB18DA411F008659D8 /* UMPLibExtractDataFromLocalDB.m */,
			);
			name = "extract data from local db";
			sourceTree = "<group>";
		};
		3DB55EAD18D955440053413E /* sync to server db */ = {
			isa = PBXGroup;
			children = (
				3DDFE8BD18DA708A008659D8 /* UMPLibSyncToServerDB.h */,
				3DDFE8BE18DA708A008659D8 /* UMPLibSyncToServerDB.m */,
			);
			name = "sync to server db";
			sourceTree = "<group>";
		};
		3DCC984118DA0F7300240C34 /* login */ = {
			isa = PBXGroup;
			children = (
				3DCC984218DA0FA100240C34 /* UMPBhvLogin.h */,
				3DCC984318DA0FA100240C34 /* UMPBhvLogin.m */,
			);
			name = login;
			sourceTree = "<group>";
		};
		3DDFE8C018DA7655008659D8 /* sync both sides db */ = {
			isa = PBXGroup;
			children = (
				3DDFE8C418DA76DB008659D8 /* UMPLibSyncBothSidesDB.h */,
				3DDFE8C518DA76DB008659D8 /* UMPLibSyncBothSidesDB.m */,
			);
			name = "sync both sides db";
			sourceTree = "<group>";
		};
		3DF1917918D5532900B49BA6 /* umpme behavior */ = {
			isa = PBXGroup;
			children = (
				3D5283E218D8DB9700AAFA1F /* UMPBhvManager.h */,
				3D5283E318D8DB9700AAFA1F /* UMPBhvManager.m */,
				3D5283DE18D8DAC600AAFA1F /* umpme behavior details */,
			);
			name = "umpme behavior";
			sourceTree = "<group>";
		};
		3DF1918318D55B3800B49BA6 /* umpme constant */ = {
			isa = PBXGroup;
			children = (
				3D5283DA18D8D8D900AAFA1F /* UMPCsntManager.h */,
				3D5283DB18D8D8D900AAFA1F /* UMPCsntManager.m */,
				3D5283DD18D8DA8C00AAFA1F /* umpme constant details */,
			);
			name = "umpme constant";
			sourceTree = "<group>";
		};
		3DFE256C18D93164009146B8 /* download data */ = {
			isa = PBXGroup;
			children = (
				3DFE257018D932A0009146B8 /* UMPLibDownloadData.h */,
				3DFE257118D932A0009146B8 /* UMPLibDownloadData.m */,
			);
			name = "download data";
			sourceTree = "<group>";
		};
/* End PBXGroup section */

/* Begin PBXNativeTarget section */
		3D7CA30418D4BA8500B45472 /* [version1.1]umpme */ = {
			isa = PBXNativeTarget;
			buildConfigurationList = 3D7CA33718D4BA8500B45472 /* Build configuration list for PBXNativeTarget "[version1.1]umpme" */;
			buildPhases = (
				3D7CA30118D4BA8500B45472 /* Sources */,
				3D7CA30218D4BA8500B45472 /* Frameworks */,
				3D7CA30318D4BA8500B45472 /* Resources */,
			);
			buildRules = (
			);
			dependencies = (
			);
			name = "[version1.1]umpme";
			productName = "[version1.1]umpme";
			productReference = 3D7CA30518D4BA8500B45472 /* [version1.1]umpme.app */;
			productType = "com.apple.product-type.application";
		};
		3D7CA32518D4BA8500B45472 /* [version1.1]umpmeTests */ = {
			isa = PBXNativeTarget;
			buildConfigurationList = 3D7CA33A18D4BA8500B45472 /* Build configuration list for PBXNativeTarget "[version1.1]umpmeTests" */;
			buildPhases = (
				3D7CA32218D4BA8500B45472 /* Sources */,
				3D7CA32318D4BA8500B45472 /* Frameworks */,
				3D7CA32418D4BA8500B45472 /* Resources */,
			);
			buildRules = (
			);
			dependencies = (
				3D7CA32C18D4BA8500B45472 /* PBXTargetDependency */,
			);
			name = "[version1.1]umpmeTests";
			productName = "[version1.1]umpmeTests";
			productReference = 3D7CA32618D4BA8500B45472 /* [version1.1]umpmeTests.xctest */;
			productType = "com.apple.product-type.bundle.unit-test";
		};
/* End PBXNativeTarget section */

/* Begin PBXProject section */
		3D7CA2FD18D4BA8500B45472 /* Project object */ = {
			isa = PBXProject;
			attributes = {
				CLASSPREFIX = UMP;
				LastUpgradeCheck = 0510;
				ORGANIZATIONNAME = umpme;
				TargetAttributes = {
					3D7CA32518D4BA8500B45472 = {
						TestTargetID = 3D7CA30418D4BA8500B45472;
					};
				};
			};
			buildConfigurationList = 3D7CA30018D4BA8500B45472 /* Build configuration list for PBXProject "[version1.1]umpme" */;
			compatibilityVersion = "Xcode 3.2";
			developmentRegion = English;
			hasScannedForEncodings = 0;
			knownRegions = (
				en,
				Base,
			);
			mainGroup = 3D7CA2FC18D4BA8500B45472;
			productRefGroup = 3D7CA30618D4BA8500B45472 /* Products */;
			projectDirPath = "";
			projectRoot = "";
			targets = (
				3D7CA30418D4BA8500B45472 /* [version1.1]umpme */,
				3D7CA32518D4BA8500B45472 /* [version1.1]umpmeTests */,
			);
		};
/* End PBXProject section */

/* Begin PBXResourcesBuildPhase section */
		3D7CA30318D4BA8500B45472 /* Resources */ = {
			isa = PBXResourcesBuildPhase;
			buildActionMask = 2147483647;
			files = (
				3D7CA32118D4BA8500B45472 /* Images.xcassets in Resources */,
				3D7CA31318D4BA8500B45472 /* InfoPlist.strings in Resources */,
				3D7CA31C18D4BA8500B45472 /* Main.storyboard in Resources */,
				3D11DC1C18DE074900F4F062 /* cat.jpg in Resources */,
			);
			runOnlyForDeploymentPostprocessing = 0;
		};
		3D7CA32418D4BA8500B45472 /* Resources */ = {
			isa = PBXResourcesBuildPhase;
			buildActionMask = 2147483647;
			files = (
				3D7CA33218D4BA8500B45472 /* InfoPlist.strings in Resources */,
				442AF18218DFC3F600349206 /* Main.storyboard in Resources */,
			);
			runOnlyForDeploymentPostprocessing = 0;
		};
/* End PBXResourcesBuildPhase section */

/* Begin PBXSourcesBuildPhase section */
		3D7CA30118D4BA8500B45472 /* Sources */ = {
			isa = PBXSourcesBuildPhase;
			buildActionMask = 2147483647;
			files = (
				3D5283D918D8D82C00AAFA1F /* UMPCsntColor.m in Sources */,
				3D7CA34618D4C5CF00B45472 /* UMPPersonalPageViewController.m in Sources */,
				3DCC984418DA0FA100240C34 /* UMPBhvLogin.m in Sources */,
				3DFE257218D932A0009146B8 /* UMPLibDownloadData.m in Sources */,
				3D7CA34A18D4D30F00B45472 /* UMPLibRegex.m in Sources */,
				3DDFE8BF18DA708A008659D8 /* UMPLibSyncToServerDB.m in Sources */,
				3DF1917F18D557C200B49BA6 /* UMPLibMD5.m in Sources */,
				3DDFE8C618DA76DB008659D8 /* UMPLibSyncBothSidesDB.m in Sources */,
				3D11DC1818DDF4AA00F4F062 /* UMPCsntImage.m in Sources */,
				3D5922D318DCD44F004BF35D /* UMPBhvAutoLogin.m in Sources */,
				3D5283CC18D8D5D100AAFA1F /* UMPCsntNetwork.m in Sources */,
				3D5922CF18DCC261004BF35D /* UMPBhvSignout.m in Sources */,
				3DACD2A918DF8366008DC8F0 /* UMPCurrUser.m in Sources */,
				3D7CA31518D4BA8500B45472 /* main.m in Sources */,
				3DACD2A518DF824F008DC8F0 /* UMPCacheManager.m in Sources */,
				44402A6818DFDF3A0057667B /* UMPContactListViewController.m in Sources */,
				3D7CA34018D4C5AB00B45472 /* UMPLoginViewController.m in Sources */,
				44402A6C18E159A90057667B /* UMPFriendDetailViewController.m in Sources */,
				3D5283D118D8D6E800AAFA1F /* UMPCsntLocalDB.m in Sources */,
				3D5283EB18D8E0AB00AAFA1F /* UMPCsntSegue.m in Sources */,
				3DB55EB018D9591D0053413E /* UMPLibSyncToLocalDB.m in Sources */,
				3D7CA34D18D4D50600B45472 /* UMPLibLocalDB.m in Sources */,
				3DF1917818D5516E00B49BA6 /* UMPLibApiManager.m in Sources */,
				3D7CA34318D4C5B800B45472 /* UMPSignupViewController.m in Sources */,
				3D7CA31F18D4BA8500B45472 /* UMPViewController.m in Sources */,
				3D5283E418D8DB9700AAFA1F /* UMPBhvManager.m in Sources */,
				3D5283DC18D8D8D900AAFA1F /* UMPCsntManager.m in Sources */,
				44E8909318EA6E5200EFDB65 /* UMPFriendLocationViewController.m in Sources */,
				3D4EE0A818D6B57B00F14269 /* UMPLibDateTime.m in Sources */,
				3DF1918218D5599E00B49BA6 /* UMPLibNetwork.m in Sources */,
				3DDFE8BC18DA411F008659D8 /* UMPLibExtractDataFromLocalDB.m in Sources */,
				3D7CA31918D4BA8500B45472 /* UMPAppDelegate.m in Sources */,
				3DF1917C18D553AE00B49BA6 /* UMPBhvSignup.m in Sources */,
				3D2EFA5A18DD49A300F0FB43 /* UMPLibImage.m in Sources */,
				44402A7018E1C3F90057667B /* UMPInstantMessageViewController.m in Sources */,
				3DACD2A118DF7B87008DC8F0 /* UMPEditPersonalInfoViewController.m in Sources */,
				3D5283D518D8D79700AAFA1F /* UMPCsntDateTime.m in Sources */,
			);
			runOnlyForDeploymentPostprocessing = 0;
		};
		3D7CA32218D4BA8500B45472 /* Sources */ = {
			isa = PBXSourcesBuildPhase;
			buildActionMask = 2147483647;
			files = (
				44402A6D18E159A90057667B /* UMPFriendDetailViewController.m in Sources */,
				44402A7118E1C3F90057667B /* UMPInstantMessageViewController.m in Sources */,
				3D7CA33418D4BA8500B45472 /* _version1_1_umpmeTests.m in Sources */,
				44402A6918DFDF3A0057667B /* UMPContactListViewController.m in Sources */,
			);
			runOnlyForDeploymentPostprocessing = 0;
		};
/* End PBXSourcesBuildPhase section */

/* Begin PBXTargetDependency section */
		3D7CA32C18D4BA8500B45472 /* PBXTargetDependency */ = {
			isa = PBXTargetDependency;
			target = 3D7CA30418D4BA8500B45472 /* [version1.1]umpme */;
			targetProxy = 3D7CA32B18D4BA8500B45472 /* PBXContainerItemProxy */;
		};
/* End PBXTargetDependency section */

/* Begin PBXVariantGroup section */
		3D7CA31118D4BA8500B45472 /* InfoPlist.strings */ = {
			isa = PBXVariantGroup;
			children = (
				3D7CA31218D4BA8500B45472 /* en */,
			);
			name = InfoPlist.strings;
			sourceTree = "<group>";
		};
		3D7CA31A18D4BA8500B45472 /* Main.storyboard */ = {
			isa = PBXVariantGroup;
			children = (
				3D7CA31B18D4BA8500B45472 /* Base */,
			);
			name = Main.storyboard;
			sourceTree = "<group>";
		};
		3D7CA33018D4BA8500B45472 /* InfoPlist.strings */ = {
			isa = PBXVariantGroup;
			children = (
				3D7CA33118D4BA8500B45472 /* en */,
			);
			name = InfoPlist.strings;
			sourceTree = "<group>";
		};
/* End PBXVariantGroup section */

/* Begin XCBuildConfiguration section */
		3D7CA33518D4BA8500B45472 /* Debug */ = {
			isa = XCBuildConfiguration;
			buildSettings = {
				ALWAYS_SEARCH_USER_PATHS = NO;
				CLANG_CXX_LANGUAGE_STANDARD = "gnu++0x";
				CLANG_CXX_LIBRARY = "libc++";
				CLANG_ENABLE_MODULES = YES;
				CLANG_ENABLE_OBJC_ARC = YES;
				CLANG_WARN_BOOL_CONVERSION = YES;
				CLANG_WARN_CONSTANT_CONVERSION = YES;
				CLANG_WARN_DIRECT_OBJC_ISA_USAGE = YES_ERROR;
				CLANG_WARN_EMPTY_BODY = YES;
				CLANG_WARN_ENUM_CONVERSION = YES;
				CLANG_WARN_INT_CONVERSION = YES;
				CLANG_WARN_OBJC_ROOT_CLASS = YES_ERROR;
				CLANG_WARN__DUPLICATE_METHOD_MATCH = YES;
				"CODE_SIGN_IDENTITY[sdk=iphoneos*]" = "iPhone Developer";
				COPY_PHASE_STRIP = NO;
				GCC_C_LANGUAGE_STANDARD = gnu99;
				GCC_DYNAMIC_NO_PIC = NO;
				GCC_OPTIMIZATION_LEVEL = 0;
				GCC_PREPROCESSOR_DEFINITIONS = (
					"DEBUG=1",
					"$(inherited)",
				);
				GCC_SYMBOLS_PRIVATE_EXTERN = NO;
				GCC_WARN_64_TO_32_BIT_CONVERSION = YES;
				GCC_WARN_ABOUT_RETURN_TYPE = YES_ERROR;
				GCC_WARN_UNDECLARED_SELECTOR = YES;
				GCC_WARN_UNINITIALIZED_AUTOS = YES_AGGRESSIVE;
				GCC_WARN_UNUSED_FUNCTION = YES;
				GCC_WARN_UNUSED_VARIABLE = YES;
				IPHONEOS_DEPLOYMENT_TARGET = 7.0;
				ONLY_ACTIVE_ARCH = YES;
				SDKROOT = iphoneos;
			};
			name = Debug;
		};
		3D7CA33618D4BA8500B45472 /* Release */ = {
			isa = XCBuildConfiguration;
			buildSettings = {
				ALWAYS_SEARCH_USER_PATHS = NO;
				CLANG_CXX_LANGUAGE_STANDARD = "gnu++0x";
				CLANG_CXX_LIBRARY = "libc++";
				CLANG_ENABLE_MODULES = YES;
				CLANG_ENABLE_OBJC_ARC = YES;
				CLANG_WARN_BOOL_CONVERSION = YES;
				CLANG_WARN_CONSTANT_CONVERSION = YES;
				CLANG_WARN_DIRECT_OBJC_ISA_USAGE = YES_ERROR;
				CLANG_WARN_EMPTY_BODY = YES;
				CLANG_WARN_ENUM_CONVERSION = YES;
				CLANG_WARN_INT_CONVERSION = YES;
				CLANG_WARN_OBJC_ROOT_CLASS = YES_ERROR;
				CLANG_WARN__DUPLICATE_METHOD_MATCH = YES;
				"CODE_SIGN_IDENTITY[sdk=iphoneos*]" = "iPhone Developer";
				COPY_PHASE_STRIP = YES;
				ENABLE_NS_ASSERTIONS = NO;
				GCC_C_LANGUAGE_STANDARD = gnu99;
				GCC_WARN_64_TO_32_BIT_CONVERSION = YES;
				GCC_WARN_ABOUT_RETURN_TYPE = YES_ERROR;
				GCC_WARN_UNDECLARED_SELECTOR = YES;
				GCC_WARN_UNINITIALIZED_AUTOS = YES_AGGRESSIVE;
				GCC_WARN_UNUSED_FUNCTION = YES;
				GCC_WARN_UNUSED_VARIABLE = YES;
				IPHONEOS_DEPLOYMENT_TARGET = 7.0;
				SDKROOT = iphoneos;
				VALIDATE_PRODUCT = YES;
			};
			name = Release;
		};
		3D7CA33818D4BA8500B45472 /* Debug */ = {
			isa = XCBuildConfiguration;
			buildSettings = {
				ASSETCATALOG_COMPILER_APPICON_NAME = AppIcon;
				ASSETCATALOG_COMPILER_LAUNCHIMAGE_NAME = LaunchImage;
				GCC_PRECOMPILE_PREFIX_HEADER = YES;
				GCC_PREFIX_HEADER = "[version1.1]umpme/[version1.1]umpme-Prefix.pch";
				INFOPLIST_FILE = "[version1.1]umpme/[version1.1]umpme-Info.plist";
				IPHONEOS_DEPLOYMENT_TARGET = 7.0;
				PRODUCT_NAME = "$(TARGET_NAME)";
				WRAPPER_EXTENSION = app;
			};
			name = Debug;
		};
		3D7CA33918D4BA8500B45472 /* Release */ = {
			isa = XCBuildConfiguration;
			buildSettings = {
				ASSETCATALOG_COMPILER_APPICON_NAME = AppIcon;
				ASSETCATALOG_COMPILER_LAUNCHIMAGE_NAME = LaunchImage;
				GCC_PRECOMPILE_PREFIX_HEADER = YES;
				GCC_PREFIX_HEADER = "[version1.1]umpme/[version1.1]umpme-Prefix.pch";
				INFOPLIST_FILE = "[version1.1]umpme/[version1.1]umpme-Info.plist";
				IPHONEOS_DEPLOYMENT_TARGET = 7.0;
				PRODUCT_NAME = "$(TARGET_NAME)";
				WRAPPER_EXTENSION = app;
			};
			name = Release;
		};
		3D7CA33B18D4BA8500B45472 /* Debug */ = {
			isa = XCBuildConfiguration;
			buildSettings = {
				BUNDLE_LOADER = "$(BUILT_PRODUCTS_DIR)/[version1.1]umpme.app/[version1.1]umpme";
				FRAMEWORK_SEARCH_PATHS = (
					"$(SDKROOT)/Developer/Library/Frameworks",
					"$(inherited)",
					"$(DEVELOPER_FRAMEWORKS_DIR)",
				);
				GCC_PRECOMPILE_PREFIX_HEADER = YES;
				GCC_PREFIX_HEADER = "[version1.1]umpme/[version1.1]umpme-Prefix.pch";
				GCC_PREPROCESSOR_DEFINITIONS = (
					"DEBUG=1",
					"$(inherited)",
				);
				INFOPLIST_FILE = "[version1.1]umpmeTests/[version1.1]umpmeTests-Info.plist";
				PRODUCT_NAME = "$(TARGET_NAME)";
				TEST_HOST = "$(BUNDLE_LOADER)";
				WRAPPER_EXTENSION = xctest;
			};
			name = Debug;
		};
		3D7CA33C18D4BA8500B45472 /* Release */ = {
			isa = XCBuildConfiguration;
			buildSettings = {
				BUNDLE_LOADER = "$(BUILT_PRODUCTS_DIR)/[version1.1]umpme.app/[version1.1]umpme";
				FRAMEWORK_SEARCH_PATHS = (
					"$(SDKROOT)/Developer/Library/Frameworks",
					"$(inherited)",
					"$(DEVELOPER_FRAMEWORKS_DIR)",
				);
				GCC_PRECOMPILE_PREFIX_HEADER = YES;
				GCC_PREFIX_HEADER = "[version1.1]umpme/[version1.1]umpme-Prefix.pch";
				INFOPLIST_FILE = "[version1.1]umpmeTests/[version1.1]umpmeTests-Info.plist";
				PRODUCT_NAME = "$(TARGET_NAME)";
				TEST_HOST = "$(BUNDLE_LOADER)";
				WRAPPER_EXTENSION = xctest;
			};
			name = Release;
		};
/* End XCBuildConfiguration section */

/* Begin XCConfigurationList section */
		3D7CA30018D4BA8500B45472 /* Build configuration list for PBXProject "[version1.1]umpme" */ = {
			isa = XCConfigurationList;
			buildConfigurations = (
				3D7CA33518D4BA8500B45472 /* Debug */,
				3D7CA33618D4BA8500B45472 /* Release */,
			);
			defaultConfigurationIsVisible = 0;
			defaultConfigurationName = Release;
		};
		3D7CA33718D4BA8500B45472 /* Build configuration list for PBXNativeTarget "[version1.1]umpme" */ = {
			isa = XCConfigurationList;
			buildConfigurations = (
				3D7CA33818D4BA8500B45472 /* Debug */,
				3D7CA33918D4BA8500B45472 /* Release */,
			);
			defaultConfigurationIsVisible = 0;
			defaultConfigurationName = Release;
		};
		3D7CA33A18D4BA8500B45472 /* Build configuration list for PBXNativeTarget "[version1.1]umpmeTests" */ = {
			isa = XCConfigurationList;
			buildConfigurations = (
				3D7CA33B18D4BA8500B45472 /* Debug */,
				3D7CA33C18D4BA8500B45472 /* Release */,
			);
			defaultConfigurationIsVisible = 0;
			defaultConfigurationName = Release;
		};
/* End XCConfigurationList section */
	};
	rootObject = 3D7CA2FD18D4BA8500B45472 /* Project object */;
}
